
Microsoft Visual Studio Solution File, Format Version 12.00
# Visual Studio Version 16
VisualStudioVersion = 16.0.29728.190
MinimumVisualStudioVersion = 10.0.40219.1
Project("{FAE04EC0-301F-11D3-BF4B-00C04F79EFBC}") = "DotnetTA", "DotnetTA\DotnetTA.csproj", "{2E500876-F0FA-4F8A-8E07-CD6BA86F1422}"
EndProject
Global
	GlobalSection(SolutionConfigurationPlatforms) = preSolution
		Debug|Any CPU = Debug|Any CPU
		Release|Any CPU = Release|Any CPU
	EndGlobalSection
	GlobalSection(ProjectConfigurationPlatforms) = postSolution
		{2E500876-F0FA-4F8A-8E07-CD6BA86F1422}.Debug|Any CPU.ActiveCfg = Debug|Any CPU
		{2E500876-F0FA-4F8A-8E07-CD6BA86F1422}.Debug|Any CPU.Build.0 = Debug|Any CPU
		{2E500876-F0FA-4F8A-8E07-CD6BA86F1422}.Release|Any CPU.ActiveCfg = Release|Any CPU
		{2E500876-F0FA-4F8A-8E07-CD6BA86F1422}.Release|Any CPU.Build.0 = Release|Any CPU
	EndGlobalSection
	GlobalSection(SolutionProperties) = preSolution
		HideSolutionNode = FALSE
	EndGlobalSection
	GlobalSection(ExtensibilityGlobals) = postSolution
		SolutionGuid = {A719856B-1D26-4947-95A5-3C7FA7234957}
	EndGlobalSection
EndGlobal
